
Microsoft Visual Studio Solution File, Format Version 12.00
# Visual Studio Version 16
VisualStudioVersion = 16.0.31424.327
MinimumVisualStudioVersion = 10.0.40219.1
Project("{8BC9CEB8-8B4A-11D0-8D11-00A0C91BC942}") = "AIT_AdvEngine", "AIT_AdvEngine.vcxproj", "{7F3A197A-3D58-45D8-81AA-6FA0C8FE4723}"
EndProject
Global
	GlobalSection(SolutionConfigurationPlatforms) = preSolution
		Debug|x64 = Debug|x64
		Release|x64 = Release|x64
	EndGlobalSection
	GlobalSection(ProjectConfigurationPlatforms) = postSolution
		{7F3A197A-3D58-45D8-81AA-6FA0C8FE4723}.Debug|x64.ActiveCfg = Debug|x64
		{7F3A197A-3D58-45D8-81AA-6FA0C8FE4723}.Debug|x64.Build.0 = Debug|x64
		{7F3A197A-3D58-45D8-81AA-6FA0C8FE4723}.Release|x64.ActiveCfg = Release|x64
		{7F3A197A-3D58-45D8-81AA-6FA0C8FE4723}.Release|x64.Build.0 = Release|x64
	EndGlobalSection
	GlobalSection(SolutionProperties) = preSolution
		HideSolutionNode = FALSE
	EndGlobalSection
	GlobalSection(ExtensibilityGlobals) = postSolution
		SolutionGuid = {A5BF3EF9-E750-45E6-B4FC-EA2E1BA60D1D}
	EndGlobalSection
EndGlobal
