<?xml version="1.0" encoding="utf-8"?>
<Project ToolsVersion="4.0" xmlns="http://schemas.microsoft.com/developer/msbuild/2003">
  <ItemGroup>
    <Filter Include="Source Files">
      <UniqueIdentifier>{4FC737F1-C7A5-4376-A066-2A32D752A2FF}</UniqueIdentifier>
      <Extensions>h;cpp;c;cc;cxx;c++;cppm;ixx;def;odl;idl;hpj;bat;asm;asmx</Extensions>
    </Filter>
    <Filter Include="Resource Files">
      <UniqueIdentifier>{67DA6AB6-F800-4c08-8B7A-83BB121AAD01}</UniqueIdentifier>
      <Extensions>rc;ico;cur;bmp;dlg;rc2;rct;bin;rgs;gif;jpg;jpeg;jpe;resx;tiff;tif;png;wav;mfcribbon-ms</Extensions>
    </Filter>
    <Filter Include="Meshes">
      <UniqueIdentifier>{bd790ded-b1dd-4354-9292-9214ab60f2f3}</UniqueIdentifier>
    </Filter>
    <Filter Include="Scenes">
      <UniqueIdentifier>{92722524-2eaf-4595-83dc-7589e0bf194c}</UniqueIdentifier>
    </Filter>
    <Filter Include="Shaders">
      <UniqueIdentifier>{e42433e8-b54b-4cec-a404-643f6df28202}</UniqueIdentifier>
    </Filter>
    <Filter Include="Programs">
      <UniqueIdentifier>{91a67764-7939-4f9d-bb59-fc3ebb9de284}</UniqueIdentifier>
    </Filter>
    <Filter Include="Game_Objects">
      <UniqueIdentifier>{7d1546da-2b0d-4079-bcbc-04e088c65270}</UniqueIdentifier>
    </Filter>
    <Filter Include="Textures">
      <UniqueIdentifier>{3cf41827-1550-4b46-9600-366c48add269}</UniqueIdentifier>
    </Filter>
  </ItemGroup>
  <ItemGroup>
    <ClCompile Include="main.cpp">
      <Filter>Source Files</Filter>
    </ClCompile>
    <ClCompile Include="Engine.cpp">
      <Filter>Source Files</Filter>
    </ClCompile>
    <ClCompile Include="Game_Object.cpp">
      <Filter>Source Files</Filter>
    </ClCompile>
    <ClCompile Include="Scene.cpp">
      <Filter>Source Files</Filter>
    </ClCompile>
    <ClCompile Include="Asset.cpp">
      <Filter>Source Files</Filter>
    </ClCompile>
    <ClCompile Include="Assets.cpp">
      <Filter>Source Files</Filter>
    </ClCompile>
    <ClCompile Include="Mesh.cpp">
      <Filter>Source Files</Filter>
    </ClCompile>
    <ClCompile Include="Triangle_Mesh.cpp">
      <Filter>Meshes</Filter>
    </ClCompile>
    <ClCompile Include="Game_Scene.cpp">
      <Filter>Scenes</Filter>
    </ClCompile>
    <ClCompile Include="Rectangle_Mesh.cpp">
      <Filter>Meshes</Filter>
    </ClCompile>
    <ClCompile Include="Shader.cpp">
      <Filter>Source Files</Filter>
    </ClCompile>
    <ClCompile Include="Colored_2D_Vertex_Shader.cpp">
      <Filter>Shaders</Filter>
    </ClCompile>
    <ClCompile Include="Colored_2D_Fragment_Shader.cpp">
      <Filter>Shaders</Filter>
    </ClCompile>
    <ClCompile Include="Shader_Program.cpp">
      <Filter>Source Files</Filter>
    </ClCompile>
    <ClCompile Include="Colored_2D_Shader_Program.cpp">
      <Filter>Programs</Filter>
    </ClCompile>
    <ClCompile Include="Triangle.cpp">
      <Filter>Game_Objects</Filter>
    </ClCompile>
    <ClCompile Include="Rectangle.cpp">
      <Filter>Game_Objects</Filter>
    </ClCompile>
    <ClCompile Include="Pentagon.cpp">
      <Filter>Game_Objects</Filter>
    </ClCompile>
    <ClCompile Include="Pentagon_Mesh.cpp">
      <Filter>Meshes</Filter>
    </ClCompile>
    <ClCompile Include="Texture.cpp">
      <Filter>Source Files</Filter>
    </ClCompile>
    <ClCompile Include="Olympic_Texture.cpp">
      <Filter>Textures</Filter>
    </ClCompile>
    <ClCompile Include="Textured_2D_Shader_Program.cpp">
      <Filter>Programs</Filter>
    </ClCompile>
    <ClCompile Include="Textured_2D_Vertex_Shader.cpp">
      <Filter>Shaders</Filter>
    </ClCompile>
    <ClCompile Include="Textured_2D_Fragment_Shader.cpp">
      <Filter>Shaders</Filter>
    </ClCompile>
    <ClCompile Include="Cube_Mesh.cpp">
      <Filter>Meshes</Filter>
    </ClCompile>
    <ClCompile Include="Textured_3D_Vertex_Shader.cpp">
      <Filter>Shaders</Filter>
    </ClCompile>
    <ClCompile Include="Textured_3D_Fragment_Shader.cpp">
      <Filter>Shaders</Filter>
    </ClCompile>
    <ClCompile Include="Textured_3D_Shader_Program.cpp">
      <Filter>Programs</Filter>
    </ClCompile>
    <ClCompile Include="Cube1.cpp">
      <Filter>Game_Objects</Filter>
    </ClCompile>
    <ClCompile Include="Dice_One_Texture.cpp">
      <Filter>Textures</Filter>
    </ClCompile>
    <ClCompile Include="Dice_Texture.cpp">
      <Filter>Textures</Filter>
    </ClCompile>
    <ClCompile Include="Cube2.cpp">
      <Filter>Game_Objects</Filter>
    </ClCompile>
    <ClCompile Include="Cube_Mesh2.cpp">
      <Filter>Meshes</Filter>
    </ClCompile>
    <ClCompile Include="Pyramid_Mesh.cpp">
      <Filter>Meshes</Filter>
    </ClCompile>
    <ClCompile Include="Pyramid.cpp">
      <Filter>Game_Objects</Filter>
    </ClCompile>
  </ItemGroup>
  <ItemGroup>
    <ClInclude Include="Engine.h">
      <Filter>Source Files</Filter>
    </ClInclude>
    <ClInclude Include="Game_Object.h">
      <Filter>Source Files</Filter>
    </ClInclude>
    <ClInclude Include="Scene.h">
      <Filter>Source Files</Filter>
    </ClInclude>
    <ClInclude Include="Asset.h">
      <Filter>Source Files</Filter>
    </ClInclude>
    <ClInclude Include="Assets.h">
      <Filter>Source Files</Filter>
    </ClInclude>
    <ClInclude Include="Mesh.h">
      <Filter>Source Files</Filter>
    </ClInclude>
    <ClInclude Include="Triangle_Mesh.h">
      <Filter>Meshes</Filter>
    </ClInclude>
    <ClInclude Include="Game_Scene.h">
      <Filter>Scenes</Filter>
    </ClInclude>
    <ClInclude Include="Rectangle_Mesh.h">
      <Filter>Meshes</Filter>
    </ClInclude>
    <ClInclude Include="Shader.h">
      <Filter>Source Files</Filter>
    </ClInclude>
    <ClInclude Include="Colored_2D_Vertex_Shader.h">
      <Filter>Shaders</Filter>
    </ClInclude>
    <ClInclude Include="Colored_2D_Fragment_Shader.h">
      <Filter>Shaders</Filter>
    </ClInclude>
    <ClInclude Include="Shader_Program.h">
      <Filter>Source Files</Filter>
    </ClInclude>
    <ClInclude Include="Colored_2D_Shader_Program.h">
      <Filter>Programs</Filter>
    </ClInclude>
    <ClInclude Include="Triangle.h">
      <Filter>Game_Objects</Filter>
    </ClInclude>
    <ClInclude Include="Rectangle.h">
      <Filter>Game_Objects</Filter>
    </ClInclude>
    <ClInclude Include="Pentagon.h">
      <Filter>Game_Objects</Filter>
    </ClInclude>
    <ClInclude Include="Pentagon_Mesh.h">
      <Filter>Meshes</Filter>
    </ClInclude>
    <ClInclude Include="Texture.h">
      <Filter>Source Files</Filter>
    </ClInclude>
    <ClInclude Include="Olympic_Texture.h">
      <Filter>Textures</Filter>
    </ClInclude>
    <ClInclude Include="Textured_2D_Shader_Program.h">
      <Filter>Programs</Filter>
    </ClInclude>
    <ClInclude Include="Textured_2D_Vertex_Shader.h">
      <Filter>Shaders</Filter>
    </ClInclude>
    <ClInclude Include="Textured_2D_Fragment_Shader.h">
      <Filter>Shaders</Filter>
    </ClInclude>
    <ClInclude Include="Cube_Mesh.h">
      <Filter>Meshes</Filter>
    </ClInclude>
    <ClInclude Include="Textured_3D_Vertex_Shader.h">
      <Filter>Shaders</Filter>
    </ClInclude>
    <ClInclude Include="Textured_3D_Fragment_Shader.h">
      <Filter>Shaders</Filter>
    </ClInclude>
    <ClInclude Include="Textured_3D_Shader_Program.h">
      <Filter>Programs</Filter>
    </ClInclude>
    <ClInclude Include="Cube1.h">
      <Filter>Game_Objects</Filter>
    </ClInclude>
    <ClInclude Include="Dice_One_Texture.h">
      <Filter>Textures</Filter>
    </ClInclude>
    <ClInclude Include="Dice_Texture.h">
      <Filter>Textures</Filter>
    </ClInclude>
    <ClInclude Include="Cube2.h">
      <Filter>Game_Objects</Filter>
    </ClInclude>
    <ClInclude Include="Cube_Mesh2.h">
      <Filter>Meshes</Filter>
    </ClInclude>
    <ClInclude Include="Pyramid_Mesh.h">
      <Filter>Meshes</Filter>
    </ClInclude>
    <ClInclude Include="Pyramid.h">
      <Filter>Game_Objects</Filter>
    </ClInclude>
  </ItemGroup>
</Project>